// !$*UTF8*$!
{
	archiveVersion = 1;
	classes = {
	};
	objectVersion = 77;
	objects = {

/* Begin PBXBuildFile section */
		417B479D3017477C00DBF8FF /* RegisterViewController.storyboard in Resources */ = {isa = PBXBuildFile; fileRef = 417B479C3017477C00DBF8FF /* RegisterViewController.storyboard */; };
		417B479F30174B3500DBF8FF /* RegisterViewModel.swift in Sources */ = {isa = PBXBuildFile; fileRef = 417B479E30174B3500DBF8FF /* RegisterViewModel.swift */; };
		417B47A83018394400DBF8FF /* RegisterProtocols.swift in Sources */ = {isa = PBXBuildFile; fileRef = 417B47A73018394400DBF8FF /* RegisterProtocols.swift */; };
		417B47AA3018461F00DBF8FF /* GitHubDefaultValidationService.swift in Sources */ = {isa = PBXBuildFile; fileRef = 417B47A93018461F00DBF8FF /* GitHubDefaultValidationService.swift */; };
		417B47AD30184BD400DBF8FF /* String+URL.swift in Sources */ = {isa = PBXBuildFile; fileRef = 417B47AC30184BD400DBF8FF /* String+URL.swift */; };
		417B47AF30185AAD00DBF8FF /* RegisterBindingExtensions.swift in Sources */ = {isa = PBXBuildFile; fileRef = 417B47AE30185AAD00DBF8FF /* RegisterBindingExtensions.swift */; };
		417B47B13018A8A100DBF8FF /* ActivityIndicator.swift in Sources */ = {isa = PBXBuildFile; fileRef = 417B47B03018A8A100DBF8FF /* ActivityIndicator.swift */; };
		417B47B33018B4A200DBF8FF /* Wireframe.swift in Sources */ = {isa = PBXBuildFile; fileRef = 417B47B23018B4A200DBF8FF /* Wireframe.swift */; };
		4185A1C9301B2C7A00C6DB8B /* ImagePickerController.swift in Sources */ = {isa = PBXBuildFile; fileRef = 4185A1C8301B2C7A00C6DB8B /* ImagePickerController.swift */; };
		4185A1CB301B2D9100C6DB8B /* ImagePickerController.storyboard in Resources */ = {isa = PBXBuildFile; fileRef = 4185A1CA301B2D9100C6DB8B /* ImagePickerController.storyboard */; };
		4185A1CD301B2EBB00C6DB8B /* UIImagePickerController+RxCreate.swift in Sources */ = {isa = PBXBuildFile; fileRef = 4185A1CC301B2EBB00C6DB8B /* UIImagePickerController+RxCreate.swift */; };
		4185A1CF301B300B00C6DB8B /* UIImagePickerController+Rx.swift in Sources */ = {isa = PBXBuildFile; fileRef = 4185A1CE301B300B00C6DB8B /* UIImagePickerController+Rx.swift */; };
		4185A1D1301B36C600C6DB8B /* RxImagePickerDelegateProxy.swift in Sources */ = {isa = PBXBuildFile; fileRef = 4185A1D0301B36C600C6DB8B /* RxImagePickerDelegateProxy.swift */; };
		4185A1D6301B4D1300C6DB8B /* SimpleTableViewController.swift in Sources */ = {isa = PBXBuildFile; fileRef = 4185A1D5301B4D1300C6DB8B /* SimpleTableViewController.swift */; };
		4185A1D8301B600000C6DB8B /* SimpleTableViewCell.swift in Sources */ = {isa = PBXBuildFile; fileRef = 4185A1D7301B600000C6DB8B /* SimpleTableViewCell.swift */; };
		4185A1DA301B600000C6DB8B /* UIScrollView+MJRefresh.swift in Sources */ = {isa = PBXBuildFile; fileRef = 4185A1D9301B600000C6DB8B /* UIScrollView+MJRefresh.swift */; };
		41888C6435A1EDBC3E7B5CC9 /* Pods_RxSwiftDemo.framework in Frameworks */ = {isa = PBXBuildFile; fileRef = EA2BB96E6F799043D731C2E3 /* Pods_RxSwiftDemo.framework */; };
		41D1AC35301356ED00D14C88 /* AppDelegate.swift in Sources */ = {isa = PBXBuildFile; fileRef = 41D1AC2E301356ED00D14C88 /* AppDelegate.swift */; };
		41D1AC36301356ED00D14C88 /* ViewController.swift in Sources */ = {isa = PBXBuildFile; fileRef = 41D1AC33301356ED00D14C88 /* ViewController.swift */; };
		41D1AC37301356ED00D14C88 /* Assets.xcassets in Resources */ = {isa = PBXBuildFile; fileRef = 41D1AC2F301356ED00D14C88 /* Assets.xcassets */; };
		41D1AC39301356ED00D14C88 /* LaunchScreen.storyboard in Resources */ = {isa = PBXBuildFile; fileRef = 41D1AC32301356ED00D14C88 /* LaunchScreen.storyboard */; };
		41D1AC3C3013605300D14C88 /* SimpleValidationViewController.swift in Sources */ = {isa = PBXBuildFile; fileRef = 41D1AC3B3013605300D14C88 /* SimpleValidationViewController.swift */; };
		41D1AC413016E9C100D14C88 /* OperatorSelectViewController.swift in Sources */ = {isa = PBXBuildFile; fileRef = 41D1AC403016E9C100D14C88 /* OperatorSelectViewController.swift */; };
		41D1AC44301731CD00D14C88 /* MVVMKnowViewController.swift in Sources */ = {isa = PBXBuildFile; fileRef = 41D1AC43301731CD00D14C88 /* MVVMKnowViewController.swift */; };
		41D1AC4A30173E3200D14C88 /* RegisterViewController.swift in Sources */ = {isa = PBXBuildFile; fileRef = 41D1AC4930173E3200D14C88 /* RegisterViewController.swift */; };
		452AFB773016353400D7A3DB /* SignalKnowViewController.swift in Sources */ = {isa = PBXBuildFile; fileRef = 452AFB763016353400D7A3DB /* SignalKnowViewController.swift */; };
		452AFB7930164A8300D7A3DB /* AnyObserverViewController.swift in Sources */ = {isa = PBXBuildFile; fileRef = 452AFB7830164A8300D7A3DB /* AnyObserverViewController.swift */; };
		452AFB7B301650C400D7A3DB /* SubjectKnowViewController.swift in Sources */ = {isa = PBXBuildFile; fileRef = 452AFB7A301650C400D7A3DB /* SubjectKnowViewController.swift */; };
		452AFB8E301A524100D7A3DB /* NormalRegisterViewController.swift in Sources */ = {isa = PBXBuildFile; fileRef = 452AFB8C301A524100D7A3DB /* NormalRegisterViewController.swift */; };
		452AFB8F301A524100D7A3DB /* NormalRegisterService.swift in Sources */ = {isa = PBXBuildFile; fileRef = 452AFB86301A524100D7A3DB /* NormalRegisterService.swift */; };
		452AFB90301A524100D7A3DB /* NormalRegisterViewModel.swift in Sources */ = {isa = PBXBuildFile; fileRef = 452AFB8A301A524100D7A3DB /* NormalRegisterViewModel.swift */; };
		452AFB91301A524100D7A3DB /* NormalRegisterView.swift in Sources */ = {isa = PBXBuildFile; fileRef = 452AFB88301A524100D7A3DB /* NormalRegisterView.swift */; };
		452AFB92301A524100D7A3DB /* NormalRegisterProtocols.swift in Sources */ = {isa = PBXBuildFile; fileRef = 452AFB84301A524100D7A3DB /* NormalRegisterProtocols.swift */; };
		452AFDAA301B8C6400D7A3DB /* SectionTableViewController.swift in Sources */ = {isa = PBXBuildFile; fileRef = 452AFDA9301B8C6400D7A3DB /* SectionTableViewController.swift */; };
		4593CE013014EF1400283356 /* FucntionProgramViewController.swift in Sources */ = {isa = PBXBuildFile; fileRef = 4593CE003014EF1400283356 /* FucntionProgramViewController.swift */; };
		4593CE033015062E00283356 /* ObservableKnowViewController.swift in Sources */ = {isa = PBXBuildFile; fileRef = 4593CE023015062E00283356 /* ObservableKnowViewController.swift */; };
/* End PBXBuildFile section */

/* Begin PBXFileReference section */
		417B479C3017477C00DBF8FF /* RegisterViewController.storyboard */ = {isa = PBXFileReference; lastKnownFileType = file.storyboard; path = RegisterViewController.storyboard; sourceTree = "<group>"; };
		417B479E30174B3500DBF8FF /* RegisterViewModel.swift */ = {isa = PBXFileReference; lastKnownFileType = sourcecode.swift; path = RegisterViewModel.swift; sourceTree = "<group>"; };
		417B47A73018394400DBF8FF /* RegisterProtocols.swift */ = {isa = PBXFileReference; lastKnownFileType = sourcecode.swift; path = RegisterProtocols.swift; sourceTree = "<group>"; };
		417B47A93018461F00DBF8FF /* GitHubDefaultValidationService.swift */ = {isa = PBXFileReference; lastKnownFileType = sourcecode.swift; path = GitHubDefaultValidationService.swift; sourceTree = "<group>"; };
		417B47AC30184BD400DBF8FF /* String+URL.swift */ = {isa = PBXFileReference; lastKnownFileType = sourcecode.swift; path = "String+URL.swift"; sourceTree = "<group>"; };
		417B47AE30185AAD00DBF8FF /* RegisterBindingExtensions.swift */ = {isa = PBXFileReference; lastKnownFileType = sourcecode.swift; path = RegisterBindingExtensions.swift; sourceTree = "<group>"; };
		417B47B03018A8A100DBF8FF /* ActivityIndicator.swift */ = {isa = PBXFileReference; lastKnownFileType = sourcecode.swift; path = ActivityIndicator.swift; sourceTree = "<group>"; };
		417B47B23018B4A200DBF8FF /* Wireframe.swift */ = {isa = PBXFileReference; lastKnownFileType = sourcecode.swift; path = Wireframe.swift; sourceTree = "<group>"; };
		4185A1C8301B2C7A00C6DB8B /* ImagePickerController.swift */ = {isa = PBXFileReference; lastKnownFileType = sourcecode.swift; path = ImagePickerController.swift; sourceTree = "<group>"; };
		4185A1CA301B2D9100C6DB8B /* ImagePickerController.storyboard */ = {isa = PBXFileReference; lastKnownFileType = file.storyboard; path = ImagePickerController.storyboard; sourceTree = "<group>"; };
		4185A1CC301B2EBB00C6DB8B /* UIImagePickerController+RxCreate.swift */ = {isa = PBXFileReference; lastKnownFileType = sourcecode.swift; path = "UIImagePickerController+RxCreate.swift"; sourceTree = "<group>"; };
		4185A1CE301B300B00C6DB8B /* UIImagePickerController+Rx.swift */ = {isa = PBXFileReference; lastKnownFileType = sourcecode.swift; path = "UIImagePickerController+Rx.swift"; sourceTree = "<group>"; };
		4185A1D0301B36C600C6DB8B /* RxImagePickerDelegateProxy.swift */ = {isa = PBXFileReference; lastKnownFileType = sourcecode.swift; path = RxImagePickerDelegateProxy.swift; sourceTree = "<group>"; };
		4185A1D5301B4D1300C6DB8B /* SimpleTableViewController.swift */ = {isa = PBXFileReference; lastKnownFileType = sourcecode.swift; path = SimpleTableViewController.swift; sourceTree = "<group>"; };
		4185A1D7301B600000C6DB8B /* SimpleTableViewCell.swift */ = {isa = PBXFileReference; lastKnownFileType = sourcecode.swift; path = SimpleTableViewCell.swift; sourceTree = "<group>"; };
		4185A1D9301B600000C6DB8B /* UIScrollView+MJRefresh.swift */ = {isa = PBXFileReference; lastKnownFileType = sourcecode.swift; path = "UIScrollView+MJRefresh.swift"; sourceTree = "<group>"; };
		41D1AC163013565000D14C88 /* RxSwiftDemo.app */ = {isa = PBXFileReference; explicitFileType = wrapper.application; includeInIndex = 0; path = RxSwiftDemo.app; sourceTree = BUILT_PRODUCTS_DIR; };
		41D1AC2E301356ED00D14C88 /* AppDelegate.swift */ = {isa = PBXFileReference; lastKnownFileType = sourcecode.swift; path = AppDelegate.swift; sourceTree = "<group>"; };
		41D1AC2F301356ED00D14C88 /* Assets.xcassets */ = {isa = PBXFileReference; lastKnownFileType = folder.assetcatalog; path = Assets.xcassets; sourceTree = "<group>"; };
		41D1AC30301356ED00D14C88 /* Info.plist */ = {isa = PBXFileReference; lastKnownFileType = text.plist.xml; path = Info.plist; sourceTree = "<group>"; };
		41D1AC31301356ED00D14C88 /* Base */ = {isa = PBXFileReference; lastKnownFileType = file.storyboard; name = Base; path = Base.lproj/LaunchScreen.storyboard; sourceTree = "<group>"; };
		41D1AC33301356ED00D14C88 /* ViewController.swift */ = {isa = PBXFileReference; lastKnownFileType = sourcecode.swift; path = ViewController.swift; sourceTree = "<group>"; };
		41D1AC3B3013605300D14C88 /* SimpleValidationViewController.swift */ = {isa = PBXFileReference; lastKnownFileType = sourcecode.swift; path = SimpleValidationViewController.swift; sourceTree = "<group>"; };
		41D1AC403016E9C100D14C88 /* OperatorSelectViewController.swift */ = {isa = PBXFileReference; lastKnownFileType = sourcecode.swift; path = OperatorSelectViewController.swift; sourceTree = "<group>"; };
		41D1AC43301731CD00D14C88 /* MVVMKnowViewController.swift */ = {isa = PBXFileReference; lastKnownFileType = sourcecode.swift; path = MVVMKnowViewController.swift; sourceTree = "<group>"; };
		41D1AC4930173E3200D14C88 /* RegisterViewController.swift */ = {isa = PBXFileReference; lastKnownFileType = sourcecode.swift; path = RegisterViewController.swift; sourceTree = "<group>"; };
		452AFB763016353400D7A3DB /* SignalKnowViewController.swift */ = {isa = PBXFileReference; lastKnownFileType = sourcecode.swift; path = SignalKnowViewController.swift; sourceTree = "<group>"; };
		452AFB7830164A8300D7A3DB /* AnyObserverViewController.swift */ = {isa = PBXFileReference; lastKnownFileType = sourcecode.swift; path = AnyObserverViewController.swift; sourceTree = "<group>"; };
		452AFB7A301650C400D7A3DB /* SubjectKnowViewController.swift */ = {isa = PBXFileReference; lastKnownFileType = sourcecode.swift; path = SubjectKnowViewController.swift; sourceTree = "<group>"; };
		452AFB84301A524100D7A3DB /* NormalRegisterProtocols.swift */ = {isa = PBXFileReference; lastKnownFileType = sourcecode.swift; path = NormalRegisterProtocols.swift; sourceTree = "<group>"; };
		452AFB86301A524100D7A3DB /* NormalRegisterService.swift */ = {isa = PBXFileReference; lastKnownFileType = sourcecode.swift; path = NormalRegisterService.swift; sourceTree = "<group>"; };
		452AFB88301A524100D7A3DB /* NormalRegisterView.swift */ = {isa = PBXFileReference; lastKnownFileType = sourcecode.swift; path = NormalRegisterView.swift; sourceTree = "<group>"; };
		452AFB8A301A524100D7A3DB /* NormalRegisterViewModel.swift */ = {isa = PBXFileReference; lastKnownFileType = sourcecode.swift; path = NormalRegisterViewModel.swift; sourceTree = "<group>"; };
		452AFB8C301A524100D7A3DB /* NormalRegisterViewController.swift */ = {isa = PBXFileReference; lastKnownFileType = sourcecode.swift; path = NormalRegisterViewController.swift; sourceTree = "<group>"; };
		452AFDA9301B8C6400D7A3DB /* SectionTableViewController.swift */ = {isa = PBXFileReference; lastKnownFileType = sourcecode.swift; path = SectionTableViewController.swift; sourceTree = "<group>"; };
		4593CE003014EF1400283356 /* FucntionProgramViewController.swift */ = {isa = PBXFileReference; lastKnownFileType = sourcecode.swift; path = FucntionProgramViewController.swift; sourceTree = "<group>"; };
		4593CE023015062E00283356 /* ObservableKnowViewController.swift */ = {isa = PBXFileReference; lastKnownFileType = sourcecode.swift; path = ObservableKnowViewController.swift; sourceTree = "<group>"; };
		6835AFD7B9E2181871A55ED7 /* Pods-RxSwiftDemo.release.xcconfig */ = {isa = PBXFileReference; includeInIndex = 1; lastKnownFileType = text.xcconfig; name = "Pods-RxSwiftDemo.release.xcconfig"; path = "Target Support Files/Pods-RxSwiftDemo/Pods-RxSwiftDemo.release.xcconfig"; sourceTree = "<group>"; };
		D68AE514AA3246DCA2AFD931 /* Pods-RxSwiftDemo.debug.xcconfig */ = {isa = PBXFileReference; includeInIndex = 1; lastKnownFileType = text.xcconfig; name = "Pods-RxSwiftDemo.debug.xcconfig"; path = "Target Support Files/Pods-RxSwiftDemo/Pods-RxSwiftDemo.debug.xcconfig"; sourceTree = "<group>"; };
		EA2BB96E6F799043D731C2E3 /* Pods_RxSwiftDemo.framework */ = {isa = PBXFileReference; explicitFileType = wrapper.framework; includeInIndex = 0; path = Pods_RxSwiftDemo.framework; sourceTree = BUILT_PRODUCTS_DIR; };
/* End PBXFileReference section */

/* Begin PBXFrameworksBuildPhase section */
		41D1AC133013565000D14C88 /* Frameworks */ = {
			isa = PBXFrameworksBuildPhase;
			buildActionMask = 2147483647;
			files = (
				41888C6435A1EDBC3E7B5CC9 /* Pods_RxSwiftDemo.framework in Frameworks */,
			);
			runOnlyForDeploymentPostprocessing = 0;
		};
/* End PBXFrameworksBuildPhase section */

/* Begin PBXGroup section */
		4185A1C7301B2C3D00C6DB8B /* ImagePicker */ = {
			isa = PBXGroup;
			children = (
				4185A1C8301B2C7A00C6DB8B /* ImagePickerController.swift */,
				4185A1D0301B36C600C6DB8B /* RxImagePickerDelegateProxy.swift */,
				4185A1CC301B2EBB00C6DB8B /* UIImagePickerController+RxCreate.swift */,
				4185A1CE301B300B00C6DB8B /* UIImagePickerController+Rx.swift */,
				4185A1CA301B2D9100C6DB8B /* ImagePickerController.storyboard */,
			);
			path = ImagePicker;
			sourceTree = "<group>";
		};
		4185A1D4301B4CED00C6DB8B /* SimpleTableView */ = {
			isa = PBXGroup;
			children = (
				4185A1D5301B4D1300C6DB8B /* SimpleTableViewController.swift */,
				4185A1D7301B600000C6DB8B /* SimpleTableViewCell.swift */,
				4185A1D9301B600000C6DB8B /* UIScrollView+MJRefresh.swift */,
			);
			path = SimpleTableView;
			sourceTree = "<group>";
		};
		41D1AC0D3013565000D14C88 = {
			isa = PBXGroup;
			children = (
				41D1AC34301356ED00D14C88 /* RxSwiftDemo */,
				41D1AC173013565000D14C88 /* Products */,
				712F683FC2848F144112C885 /* Pods */,
				740EA2353D4D1029CF410F82 /* Frameworks */,
			);
			sourceTree = "<group>";
		};
		41D1AC173013565000D14C88 /* Products */ = {
			isa = PBXGroup;
			children = (
				41D1AC163013565000D14C88 /* RxSwiftDemo.app */,
			);
			name = Products;
			sourceTree = "<group>";
		};
		41D1AC34301356ED00D14C88 /* RxSwiftDemo */ = {
			isa = PBXGroup;
			children = (
				41D1AC2E301356ED00D14C88 /* AppDelegate.swift */,
				41D1AC33301356ED00D14C88 /* ViewController.swift */,
				452AFDA8301B8C5300D7A3DB /* SectionTableView */,
				4185A1D4301B4CED00C6DB8B /* SimpleTableView */,
				4185A1C7301B2C3D00C6DB8B /* ImagePicker */,
				41D1AC42301731B300D14C88 /* MVVM */,
				41D1AC3A30135E2800D14C88 /* BasicInfo */,
				41D1AC2F301356ED00D14C88 /* Assets.xcassets */,
				41D1AC30301356ED00D14C88 /* Info.plist */,
				41D1AC32301356ED00D14C88 /* LaunchScreen.storyboard */,
			);
			path = RxSwiftDemo;
			sourceTree = "<group>";
		};
		41D1AC3A30135E2800D14C88 /* BasicInfo */ = {
			isa = PBXGroup;
			children = (
				41D1AC3B3013605300D14C88 /* SimpleValidationViewController.swift */,
				4593CE003014EF1400283356 /* FucntionProgramViewController.swift */,
				4593CE023015062E00283356 /* ObservableKnowViewController.swift */,
				452AFB763016353400D7A3DB /* SignalKnowViewController.swift */,
				452AFB7830164A8300D7A3DB /* AnyObserverViewController.swift */,
				452AFB7A301650C400D7A3DB /* SubjectKnowViewController.swift */,
				41D1AC403016E9C100D14C88 /* OperatorSelectViewController.swift */,
			);
			path = BasicInfo;
			sourceTree = "<group>";
		};
		41D1AC42301731B300D14C88 /* MVVM */ = {
			isa = PBXGroup;
			children = (
				41D1AC43301731CD00D14C88 /* MVVMKnowViewController.swift */,
				452AFB8D301A524100D7A3DB /* NormalRegister */,
				41D1AC4830173E1500D14C88 /* Register */,
			);
			path = MVVM;
			sourceTree = "<group>";
		};
		41D1AC4830173E1500D14C88 /* Register */ = {
			isa = PBXGroup;
			children = (
				41D1AC4930173E3200D14C88 /* RegisterViewController.swift */,
				417B479E30174B3500DBF8FF /* RegisterViewModel.swift */,
				417B47A93018461F00DBF8FF /* GitHubDefaultValidationService.swift */,
				417B47A73018394400DBF8FF /* RegisterProtocols.swift */,
				417B47AE30185AAD00DBF8FF /* RegisterBindingExtensions.swift */,
				417B47B03018A8A100DBF8FF /* ActivityIndicator.swift */,
				417B47B23018B4A200DBF8FF /* Wireframe.swift */,
				417B47AC30184BD400DBF8FF /* String+URL.swift */,
				417B479C3017477C00DBF8FF /* RegisterViewController.storyboard */,
			);
			path = Register;
			sourceTree = "<group>";
		};
		452AFB85301A524100D7A3DB /* Protocol */ = {
			isa = PBXGroup;
			children = (
				452AFB84301A524100D7A3DB /* NormalRegisterProtocols.swift */,
			);
			path = Protocol;
			sourceTree = "<group>";
		};
		452AFB87301A524100D7A3DB /* Service */ = {
			isa = PBXGroup;
			children = (
				452AFB86301A524100D7A3DB /* NormalRegisterService.swift */,
			);
			path = Service;
			sourceTree = "<group>";
		};
		452AFB89301A524100D7A3DB /* View */ = {
			isa = PBXGroup;
			children = (
				452AFB88301A524100D7A3DB /* NormalRegisterView.swift */,
			);
			path = View;
			sourceTree = "<group>";
		};
		452AFB8B301A524100D7A3DB /* ViewModel */ = {
			isa = PBXGroup;
			children = (
				452AFB8A301A524100D7A3DB /* NormalRegisterViewModel.swift */,
			);
			path = ViewModel;
			sourceTree = "<group>";
		};
		452AFB8D301A524100D7A3DB /* NormalRegister */ = {
			isa = PBXGroup;
			children = (
				452AFB8C301A524100D7A3DB /* NormalRegisterViewController.swift */,
				452AFB8B301A524100D7A3DB /* ViewModel */,
				452AFB87301A524100D7A3DB /* Service */,
				452AFB85301A524100D7A3DB /* Protocol */,
				452AFB89301A524100D7A3DB /* View */,
			);
			path = NormalRegister;
			sourceTree = "<group>";
		};
		452AFDA8301B8C5300D7A3DB /* SectionTableView */ = {
			isa = PBXGroup;
			children = (
				452AFDA9301B8C6400D7A3DB /* SectionTableViewController.swift */,
			);
			path = SectionTableView;
			sourceTree = "<group>";
		};
		712F683FC2848F144112C885 /* Pods */ = {
			isa = PBXGroup;
			children = (
				D68AE514AA3246DCA2AFD931 /* Pods-RxSwiftDemo.debug.xcconfig */,
				6835AFD7B9E2181871A55ED7 /* Pods-RxSwiftDemo.release.xcconfig */,
			);
			path = Pods;
			sourceTree = "<group>";
		};
		740EA2353D4D1029CF410F82 /* Frameworks */ = {
			isa = PBXGroup;
			children = (
				EA2BB96E6F799043D731C2E3 /* Pods_RxSwiftDemo.framework */,
			);
			name = Frameworks;
			sourceTree = "<group>";
		};
/* End PBXGroup section */

/* Begin PBXNativeTarget section */
		41D1AC153013565000D14C88 /* RxSwiftDemo */ = {
			isa = PBXNativeTarget;
			buildConfigurationList = 41D1AC293013565200D14C88 /* Build configuration list for PBXNativeTarget "RxSwiftDemo" */;
			buildPhases = (
				67090E6AF09D49BD7503B514 /* [CP] Check Pods Manifest.lock */,
				41D1AC123013565000D14C88 /* Sources */,
				41D1AC133013565000D14C88 /* Frameworks */,
				41D1AC143013565000D14C88 /* Resources */,
				F08398D0322166516FFEEB67 /* [CP] Embed Pods Frameworks */,
			);
			buildRules = (
			);
			dependencies = (
			);
			name = RxSwiftDemo;
			productName = RxSwiftDemo;
			productReference = 41D1AC163013565000D14C88 /* RxSwiftDemo.app */;
			productType = "com.apple.product-type.application";
		};
/* End PBXNativeTarget section */

/* Begin PBXProject section */
		41D1AC0E3013565000D14C88 /* Project object */ = {
			isa = PBXProject;
			attributes = {
				BuildIndependentTargetsInParallel = 1;
				LastSwiftUpdateCheck = 2660;
				LastUpgradeCheck = 2660;
				TargetAttributes = {
					41D1AC153013565000D14C88 = {
						CreatedOnToolsVersion = 26.6;
					};
				};
			};
			buildConfigurationList = 41D1AC113013565000D14C88 /* Build configuration list for PBXProject "RxSwiftDemo" */;
			developmentRegion = en;
			hasScannedForEncodings = 0;
			knownRegions = (
				en,
				Base,
			);
			mainGroup = 41D1AC0D3013565000D14C88;
			minimizedProjectReferenceProxies = 1;
			preferredProjectObjectVersion = 77;
			productRefGroup = 41D1AC173013565000D14C88 /* Products */;
			projectDirPath = "";
			projectRoot = "";
			targets = (
				41D1AC153013565000D14C88 /* RxSwiftDemo */,
			);
		};
/* End PBXProject section */

/* Begin PBXResourcesBuildPhase section */
		41D1AC143013565000D14C88 /* Resources */ = {
			isa = PBXResourcesBuildPhase;
			buildActionMask = 2147483647;
			files = (
				417B479D3017477C00DBF8FF /* RegisterViewController.storyboard in Resources */,
				41D1AC37301356ED00D14C88 /* Assets.xcassets in Resources */,
				4185A1CB301B2D9100C6DB8B /* ImagePickerController.storyboard in Resources */,
				41D1AC39301356ED00D14C88 /* LaunchScreen.storyboard in Resources */,
			);
			runOnlyForDeploymentPostprocessing = 0;
		};
/* End PBXResourcesBuildPhase section */

/* Begin PBXShellScriptBuildPhase section */
		67090E6AF09D49BD7503B514 /* [CP] Check Pods Manifest.lock */ = {
			isa = PBXShellScriptBuildPhase;
			buildActionMask = 2147483647;
			files = (
			);
			inputFileListPaths = (
			);
			inputPaths = (
				"${PODS_PODFILE_DIR_PATH}/Podfile.lock",
				"${PODS_ROOT}/Manifest.lock",
			);
			name = "[CP] Check Pods Manifest.lock";
			outputFileListPaths = (
			);
			outputPaths = (
				"$(DERIVED_FILE_DIR)/Pods-RxSwiftDemo-checkManifestLockResult.txt",
			);
			runOnlyForDeploymentPostprocessing = 0;
			shellPath = /bin/sh;
			shellScript = "diff \"${PODS_PODFILE_DIR_PATH}/Podfile.lock\" \"${PODS_ROOT}/Manifest.lock\" > /dev/null\nif [ $? != 0 ] ; then\n    # print error to STDERR\n    echo \"error: The sandbox is not in sync with the Podfile.lock. Run 'pod install' or update your CocoaPods installation.\" >&2\n    exit 1\nfi\n# This output is used by Xcode 'outputs' to avoid re-running this script phase.\necho \"SUCCESS\" > \"${SCRIPT_OUTPUT_FILE_0}\"\n";
			showEnvVarsInLog = 0;
		};
		F08398D0322166516FFEEB67 /* [CP] Embed Pods Frameworks */ = {
			isa = PBXShellScriptBuildPhase;
			buildActionMask = 2147483647;
			files = (
			);
			inputFileListPaths = (
				"${PODS_ROOT}/Target Support Files/Pods-RxSwiftDemo/Pods-RxSwiftDemo-frameworks-${CONFIGURATION}-input-files.xcfilelist",
			);
			inputPaths = (
			);
			name = "[CP] Embed Pods Frameworks";
			outputFileListPaths = (
				"${PODS_ROOT}/Target Support Files/Pods-RxSwiftDemo/Pods-RxSwiftDemo-frameworks-${CONFIGURATION}-output-files.xcfilelist",
			);
			outputPaths = (
			);
			runOnlyForDeploymentPostprocessing = 0;
			shellPath = /bin/sh;
			shellScript = "\"${PODS_ROOT}/Target Support Files/Pods-RxSwiftDemo/Pods-RxSwiftDemo-frameworks.sh\"\n";
			showEnvVarsInLog = 0;
		};
/* End PBXShellScriptBuildPhase section */

/* Begin PBXSourcesBuildPhase section */
		41D1AC123013565000D14C88 /* Sources */ = {
			isa = PBXSourcesBuildPhase;
			buildActionMask = 2147483647;
			files = (
				452AFB7B301650C400D7A3DB /* SubjectKnowViewController.swift in Sources */,
				4185A1D1301B36C600C6DB8B /* RxImagePickerDelegateProxy.swift in Sources */,
				41D1AC4A30173E3200D14C88 /* RegisterViewController.swift in Sources */,
				41D1AC35301356ED00D14C88 /* AppDelegate.swift in Sources */,
				4185A1CD301B2EBB00C6DB8B /* UIImagePickerController+RxCreate.swift in Sources */,
				41D1AC413016E9C100D14C88 /* OperatorSelectViewController.swift in Sources */,
				452AFB7930164A8300D7A3DB /* AnyObserverViewController.swift in Sources */,
				417B47AD30184BD400DBF8FF /* String+URL.swift in Sources */,
				452AFB773016353400D7A3DB /* SignalKnowViewController.swift in Sources */,
				41D1AC36301356ED00D14C88 /* ViewController.swift in Sources */,
				417B47AA3018461F00DBF8FF /* GitHubDefaultValidationService.swift in Sources */,
				4185A1D6301B4D1300C6DB8B /* SimpleTableViewController.swift in Sources */,
				4185A1D8301B600000C6DB8B /* SimpleTableViewCell.swift in Sources */,
				4185A1DA301B600000C6DB8B /* UIScrollView+MJRefresh.swift in Sources */,
				417B479F30174B3500DBF8FF /* RegisterViewModel.swift in Sources */,
				417B47AF30185AAD00DBF8FF /* RegisterBindingExtensions.swift in Sources */,
				4593CE033015062E00283356 /* ObservableKnowViewController.swift in Sources */,
				41D1AC3C3013605300D14C88 /* SimpleValidationViewController.swift in Sources */,
				4593CE013014EF1400283356 /* FucntionProgramViewController.swift in Sources */,
				417B47B33018B4A200DBF8FF /* Wireframe.swift in Sources */,
				417B47A83018394400DBF8FF /* RegisterProtocols.swift in Sources */,
				452AFB8E301A524100D7A3DB /* NormalRegisterViewController.swift in Sources */,
				4185A1CF301B300B00C6DB8B /* UIImagePickerController+Rx.swift in Sources */,
				452AFDAA301B8C6400D7A3DB /* SectionTableViewController.swift in Sources */,
				452AFB8F301A524100D7A3DB /* NormalRegisterService.swift in Sources */,
				452AFB90301A524100D7A3DB /* NormalRegisterViewModel.swift in Sources */,
				4185A1C9301B2C7A00C6DB8B /* ImagePickerController.swift in Sources */,
				452AFB91301A524100D7A3DB /* NormalRegisterView.swift in Sources */,
				452AFB92301A524100D7A3DB /* NormalRegisterProtocols.swift in Sources */,
				41D1AC44301731CD00D14C88 /* MVVMKnowViewController.swift in Sources */,
				417B47B13018A8A100DBF8FF /* ActivityIndicator.swift in Sources */,
			);
			runOnlyForDeploymentPostprocessing = 0;
		};
/* End PBXSourcesBuildPhase section */

/* Begin PBXVariantGroup section */
		41D1AC32301356ED00D14C88 /* LaunchScreen.storyboard */ = {
			isa = PBXVariantGroup;
			children = (
				41D1AC31301356ED00D14C88 /* Base */,
			);
			name = LaunchScreen.storyboard;
			sourceTree = "<group>";
		};
/* End PBXVariantGroup section */

/* Begin XCBuildConfiguration section */
		41D1AC2A3013565200D14C88 /* Debug */ = {
			isa = XCBuildConfiguration;
			baseConfigurationReference = D68AE514AA3246DCA2AFD931 /* Pods-RxSwiftDemo.debug.xcconfig */;
			buildSettings = {
				ASSETCATALOG_COMPILER_APPICON_NAME = AppIcon;
				ASSETCATALOG_COMPILER_GLOBAL_ACCENT_COLOR_NAME = AccentColor;
				CODE_SIGN_STYLE = Automatic;
				CURRENT_PROJECT_VERSION = 1;
				DEVELOPMENT_TEAM = 7V6ZLVLSAB;
				ENABLE_USER_SCRIPT_SANDBOXING = NO;
				GENERATE_INFOPLIST_FILE = YES;
				INFOPLIST_FILE = RxSwiftDemo/Info.plist;
				INFOPLIST_KEY_UIApplicationSupportsIndirectInputEvents = YES;
				INFOPLIST_KEY_UILaunchStoryboardName = LaunchScreen;
				INFOPLIST_KEY_UISupportedInterfaceOrientations_iPad = "UIInterfaceOrientationPortrait UIInterfaceOrientationPortraitUpsideDown UIInterfaceOrientationLandscapeLeft UIInterfaceOrientationLandscapeRight";
				INFOPLIST_KEY_UISupportedInterfaceOrientations_iPhone = "UIInterfaceOrientationPortrait UIInterfaceOrientationLandscapeLeft UIInterfaceOrientationLandscapeRight";
				IPHONEOS_DEPLOYMENT_TARGET = 13.0;
				LD_RUNPATH_SEARCH_PATHS = (
					"$(inherited)",
					"@executable_path/Frameworks",
				);
				MARKETING_VERSION = 1.0.0;
				PRODUCT_BUNDLE_IDENTIFIER = hh.RxSwiftDemo;
				PRODUCT_NAME = "$(TARGET_NAME)";
				STRING_CATALOG_GENERATE_SYMBOLS = YES;
				SUPPORTED_PLATFORMS = "iphoneos iphonesimulator";
				SUPPORTS_MACCATALYST = NO;
				SUPPORTS_MAC_DESIGNED_FOR_IPHONE_IPAD = NO;
				SUPPORTS_XR_DESIGNED_FOR_IPHONE_IPAD = NO;
				SWIFT_APPROACHABLE_CONCURRENCY = YES;
				SWIFT_DEFAULT_ACTOR_ISOLATION = MainActor;
				SWIFT_EMIT_LOC_STRINGS = YES;
				SWIFT_UPCOMING_FEATURE_MEMBER_IMPORT_VISIBILITY = YES;
				SWIFT_VERSION = 5.0;
				TARGETED_DEVICE_FAMILY = 1;
			};
			name = Debug;
		};
		41D1AC2B3013565200D14C88 /* Release */ = {
			isa = XCBuildConfiguration;
			baseConfigurationReference = 6835AFD7B9E2181871A55ED7 /* Pods-RxSwiftDemo.release.xcconfig */;
			buildSettings = {
				ASSETCATALOG_COMPILER_APPICON_NAME = AppIcon;
				ASSETCATALOG_COMPILER_GLOBAL_ACCENT_COLOR_NAME = AccentColor;
				CODE_SIGN_STYLE = Automatic;
				CURRENT_PROJECT_VERSION = 1;
				DEVELOPMENT_TEAM = 7V6ZLVLSAB;
				ENABLE_USER_SCRIPT_SANDBOXING = NO;
				GENERATE_INFOPLIST_FILE = YES;
				INFOPLIST_FILE = RxSwiftDemo/Info.plist;
				INFOPLIST_KEY_UIApplicationSupportsIndirectInputEvents = YES;
				INFOPLIST_KEY_UILaunchStoryboardName = LaunchScreen;
				INFOPLIST_KEY_UISupportedInterfaceOrientations_iPad = "UIInterfaceOrientationPortrait UIInterfaceOrientationPortraitUpsideDown UIInterfaceOrientationLandscapeLeft UIInterfaceOrientationLandscapeRight";
				INFOPLIST_KEY_UISupportedInterfaceOrientations_iPhone = "UIInterfaceOrientationPortrait UIInterfaceOrientationLandscapeLeft UIInterfaceOrientationLandscapeRight";
				IPHONEOS_DEPLOYMENT_TARGET = 13.0;
				LD_RUNPATH_SEARCH_PATHS = (
					"$(inherited)",
					"@executable_path/Frameworks",
				);
				MARKETING_VERSION = 1.0.0;
				PRODUCT_BUNDLE_IDENTIFIER = hh.RxSwiftDemo;
				PRODUCT_NAME = "$(TARGET_NAME)";
				STRING_CATALOG_GENERATE_SYMBOLS = YES;
				SUPPORTED_PLATFORMS = "iphoneos iphonesimulator";
				SUPPORTS_MACCATALYST = NO;
				SUPPORTS_MAC_DESIGNED_FOR_IPHONE_IPAD = NO;
				SUPPORTS_XR_DESIGNED_FOR_IPHONE_IPAD = NO;
				SWIFT_APPROACHABLE_CONCURRENCY = YES;
				SWIFT_DEFAULT_ACTOR_ISOLATION = MainActor;
				SWIFT_EMIT_LOC_STRINGS = YES;
				SWIFT_UPCOMING_FEATURE_MEMBER_IMPORT_VISIBILITY = YES;
				SWIFT_VERSION = 5.0;
				TARGETED_DEVICE_FAMILY = 1;
			};
			name = Release;
		};
		41D1AC2C3013565200D14C88 /* Debug */ = {
			isa = XCBuildConfiguration;
			buildSettings = {
				ALWAYS_SEARCH_USER_PATHS = NO;
				ASSETCATALOG_COMPILER_GENERATE_SWIFT_ASSET_SYMBOL_EXTENSIONS = YES;
				CLANG_ANALYZER_NONNULL = YES;
				CLANG_ANALYZER_NUMBER_OBJECT_CONVERSION = YES_AGGRESSIVE;
				CLANG_CXX_LANGUAGE_STANDARD = "gnu++20";
				CLANG_ENABLE_MODULES = YES;
				CLANG_ENABLE_OBJC_ARC = YES;
				CLANG_ENABLE_OBJC_WEAK = YES;
				CLANG_WARN_BLOCK_CAPTURE_AUTORELEASING = YES;
				CLANG_WARN_BOOL_CONVERSION = YES;
				CLANG_WARN_COMMA = YES;
				CLANG_WARN_CONSTANT_CONVERSION = YES;
				CLANG_WARN_DEPRECATED_OBJC_IMPLEMENTATIONS = YES;
				CLANG_WARN_DIRECT_OBJC_ISA_USAGE = YES_ERROR;
				CLANG_WARN_DOCUMENTATION_COMMENTS = YES;
				CLANG_WARN_EMPTY_BODY = YES;
				CLANG_WARN_ENUM_CONVERSION = YES;
				CLANG_WARN_INFINITE_RECURSION = YES;
				CLANG_WARN_INT_CONVERSION = YES;
				CLANG_WARN_NON_LITERAL_NULL_CONVERSION = YES;
				CLANG_WARN_OBJC_IMPLICIT_RETAIN_SELF = YES;
				CLANG_WARN_OBJC_LITERAL_CONVERSION = YES;
				CLANG_WARN_OBJC_ROOT_CLASS = YES_ERROR;
				CLANG_WARN_QUOTED_INCLUDE_IN_FRAMEWORK_HEADER = YES;
				CLANG_WARN_RANGE_LOOP_ANALYSIS = YES;
				CLANG_WARN_STRICT_PROTOTYPES = YES;
				CLANG_WARN_SUSPICIOUS_MOVE = YES;
				CLANG_WARN_UNGUARDED_AVAILABILITY = YES_AGGRESSIVE;
				CLANG_WARN_UNREACHABLE_CODE = YES;
				CLANG_WARN__DUPLICATE_METHOD_MATCH = YES;
				COPY_PHASE_STRIP = NO;
				DEBUG_INFORMATION_FORMAT = dwarf;
				DEVELOPMENT_TEAM = 7V6ZLVLSAB;
				ENABLE_STRICT_OBJC_MSGSEND = YES;
				ENABLE_TESTABILITY = YES;
				ENABLE_USER_SCRIPT_SANDBOXING = YES;
				GCC_C_LANGUAGE_STANDARD = gnu17;
				GCC_DYNAMIC_NO_PIC = NO;
				GCC_NO_COMMON_BLOCKS = YES;
				GCC_OPTIMIZATION_LEVEL = 0;
				GCC_PREPROCESSOR_DEFINITIONS = (
					"DEBUG=1",
					"$(inherited)",
				);
				GCC_WARN_64_TO_32_BIT_CONVERSION = YES;
				GCC_WARN_ABOUT_RETURN_TYPE = YES_ERROR;
				GCC_WARN_UNDECLARED_SELECTOR = YES;
				GCC_WARN_UNINITIALIZED_AUTOS = YES_AGGRESSIVE;
				GCC_WARN_UNUSED_FUNCTION = YES;
				GCC_WARN_UNUSED_VARIABLE = YES;
				IPHONEOS_DEPLOYMENT_TARGET = 26.5;
				LOCALIZATION_PREFERS_STRING_CATALOGS = YES;
				MTL_ENABLE_DEBUG_INFO = INCLUDE_SOURCE;
				MTL_FAST_MATH = YES;
				ONLY_ACTIVE_ARCH = YES;
				SDKROOT = iphoneos;
				SWIFT_ACTIVE_COMPILATION_CONDITIONS = "DEBUG $(inherited)";
				SWIFT_OPTIMIZATION_LEVEL = "-Onone";
			};
			name = Debug;
		};
		41D1AC2D3013565200D14C88 /* Release */ = {
			isa = XCBuildConfiguration;
			buildSettings = {
				ALWAYS_SEARCH_USER_PATHS = NO;
				ASSETCATALOG_COMPILER_GENERATE_SWIFT_ASSET_SYMBOL_EXTENSIONS = YES;
				CLANG_ANALYZER_NONNULL = YES;
				CLANG_ANALYZER_NUMBER_OBJECT_CONVERSION = YES_AGGRESSIVE;
				CLANG_CXX_LANGUAGE_STANDARD = "gnu++20";
				CLANG_ENABLE_MODULES = YES;
				CLANG_ENABLE_OBJC_ARC = YES;
				CLANG_ENABLE_OBJC_WEAK = YES;
				CLANG_WARN_BLOCK_CAPTURE_AUTORELEASING = YES;
				CLANG_WARN_BOOL_CONVERSION = YES;
				CLANG_WARN_COMMA = YES;
				CLANG_WARN_CONSTANT_CONVERSION = YES;
				CLANG_WARN_DEPRECATED_OBJC_IMPLEMENTATIONS = YES;
				CLANG_WARN_DIRECT_OBJC_ISA_USAGE = YES_ERROR;
				CLANG_WARN_DOCUMENTATION_COMMENTS = YES;
				CLANG_WARN_EMPTY_BODY = YES;
				CLANG_WARN_ENUM_CONVERSION = YES;
				CLANG_WARN_INFINITE_RECURSION = YES;
				CLANG_WARN_INT_CONVERSION = YES;
				CLANG_WARN_NON_LITERAL_NULL_CONVERSION = YES;
				CLANG_WARN_OBJC_IMPLICIT_RETAIN_SELF = YES;
				CLANG_WARN_OBJC_LITERAL_CONVERSION = YES;
				CLANG_WARN_OBJC_ROOT_CLASS = YES_ERROR;
				CLANG_WARN_QUOTED_INCLUDE_IN_FRAMEWORK_HEADER = YES;
				CLANG_WARN_RANGE_LOOP_ANALYSIS = YES;
				CLANG_WARN_STRICT_PROTOTYPES = YES;
				CLANG_WARN_SUSPICIOUS_MOVE = YES;
				CLANG_WARN_UNGUARDED_AVAILABILITY = YES_AGGRESSIVE;
				CLANG_WARN_UNREACHABLE_CODE = YES;
				CLANG_WARN__DUPLICATE_METHOD_MATCH = YES;
				COPY_PHASE_STRIP = NO;
				DEBUG_INFORMATION_FORMAT = "dwarf-with-dsym";
				DEVELOPMENT_TEAM = 7V6ZLVLSAB;
				ENABLE_NS_ASSERTIONS = NO;
				ENABLE_STRICT_OBJC_MSGSEND = YES;
				ENABLE_USER_SCRIPT_SANDBOXING = YES;
				GCC_C_LANGUAGE_STANDARD = gnu17;
				GCC_NO_COMMON_BLOCKS = YES;
				GCC_WARN_64_TO_32_BIT_CONVERSION = YES;
				GCC_WARN_ABOUT_RETURN_TYPE = YES_ERROR;
				GCC_WARN_UNDECLARED_SELECTOR = YES;
				GCC_WARN_UNINITIALIZED_AUTOS = YES_AGGRESSIVE;
				GCC_WARN_UNUSED_FUNCTION = YES;
				GCC_WARN_UNUSED_VARIABLE = YES;
				IPHONEOS_DEPLOYMENT_TARGET = 26.5;
				LOCALIZATION_PREFERS_STRING_CATALOGS = YES;
				MTL_ENABLE_DEBUG_INFO = NO;
				MTL_FAST_MATH = YES;
				SDKROOT = iphoneos;
				SWIFT_COMPILATION_MODE = wholemodule;
				VALIDATE_PRODUCT = YES;
			};
			name = Release;
		};
/* End XCBuildConfiguration section */

/* Begin XCConfigurationList section */
		41D1AC113013565000D14C88 /* Build configuration list for PBXProject "RxSwiftDemo" */ = {
			isa = XCConfigurationList;
			buildConfigurations = (
				41D1AC2C3013565200D14C88 /* Debug */,
				41D1AC2D3013565200D14C88 /* Release */,
			);
			defaultConfigurationIsVisible = 0;
			defaultConfigurationName = Release;
		};
		41D1AC293013565200D14C88 /* Build configuration list for PBXNativeTarget "RxSwiftDemo" */ = {
			isa = XCConfigurationList;
			buildConfigurations = (
				41D1AC2A3013565200D14C88 /* Debug */,
				41D1AC2B3013565200D14C88 /* Release */,
			);
			defaultConfigurationIsVisible = 0;
			defaultConfigurationName = Release;
		};
/* End XCConfigurationList section */
	};
	rootObject = 41D1AC0E3013565000D14C88 /* Project object */;
}
